{
  "renv": {
    "Version": "0.6.0-61"
  },
  "R": {
    "Version": "3.5.2",
    "Repositories": [
      {
        "Name": "CRAN",
        "URL": "https://cloud.r-project.org"
      }
    ]
  },
  "Packages": {
    "askpass": {
      "Package": "askpass",
      "Version": "1.1",
      "Source": "CRAN",
      "Hash": "ff8e30ba3e542c07372fca6de28bce3b"
    },
    "assemblerr": {
      "Package": "assemblerr",
      "Version": "0.0.1",
      "Source": "unknown",
      "Hash": "ddb1c729591cddffa9dff5037e1d8951"
    },
    "assertthat": {
      "Package": "assertthat",
      "Version": "0.2.1",
      "Source": "CRAN",
      "Hash": "263effaa484b1dc3013cf1c1e8f6624e"
    },
    "backports": {
      "Package": "backports",
      "Version": "1.1.3",
      "Source": "CRAN",
      "Hash": "d5d265eaf014100f7b50212bda5a310d"
    },
    "base64enc": {
      "Package": "base64enc",
      "Version": "0.1-3",
      "Source": "CRAN",
      "Hash": "eec0d710cee1455ba24eb6ab622a60e9"
    },
    "BH": {
      "Package": "BH",
      "Version": "1.69.0-1",
      "Source": "CRAN",
      "Hash": "88e64b38758666b85d283617231bb766"
    },
    "brew": {
      "Package": "brew",
      "Version": "1.0-6",
      "Source": "CRAN",
      "Hash": "329122d89df869b70ed9bbd7ed7d4412"
    },
    "broom": {
      "Package": "broom",
      "Version": "0.5.0",
      "Source": "CRAN",
      "Hash": "302ef37bbdfd4f3e67497646b7ed3556"
    },
    "callr": {
      "Package": "callr",
      "Version": "3.2.0",
      "Source": "CRAN",
      "Hash": "7af03bdfa915fefcf1e1abcfad81755f"
    },
    "cellranger": {
      "Package": "cellranger",
      "Version": "1.1.0",
      "Source": "CRAN",
      "Hash": "a6279d19fb8783f899f8dc3edb9a71b0"
    },
    "cli": {
      "Package": "cli",
      "Version": "1.1.0.9000",
      "Source": "GitHub",
      "RemoteType": "github",
      "RemoteHost": "api.github.com",
      "RemoteRepo": "cli",
      "RemoteUsername": "r-lib",
      "RemoteRef": "master",
      "RemoteSha": "ef4c6d87365b3e35b26fe07905bd3ee51d95f6a2",
      "Hash": "5a6aa68b22994af492ea3265c1c5c9d2"
    },
    "clipr": {
      "Package": "clipr",
      "Version": "0.5.0",
      "Source": "CRAN",
      "Hash": "7f418e1c77c2e1abd60bfeb3aa025dc6"
    },
    "clisymbols": {
      "Package": "clisymbols",
      "Version": "1.2.0",
      "Source": "CRAN",
      "Hash": "e4438538e94e5fda0c2950f0e6fd2a33"
    },
    "codetools": {
      "Package": "codetools",
      "Version": "0.2-15",
      "Source": "CRAN",
      "Hash": "71fa8e1fac5dc255507f5ed253c6a367"
    },
    "colorspace": {
      "Package": "colorspace",
      "Version": "1.4-1",
      "Source": "CRAN",
      "Hash": "70941d6476af18c149b5b6916f87a7c5"
    },
    "commonmark": {
      "Package": "commonmark",
      "Version": "1.6",
      "Source": "CRAN",
      "Hash": "4c8e02c4092268d7659af65e6c56f490"
    },
    "crayon": {
      "Package": "crayon",
      "Version": "1.3.4",
      "Source": "CRAN",
      "Hash": "1e93bda8f2b60a0defc85c82a39e2891"
    },
    "curl": {
      "Package": "curl",
      "Version": "3.3",
      "Source": "CRAN",
      "Hash": "921ecc2db7bca3844daaec11fce12e76"
    },
    "DBI": {
      "Package": "DBI",
      "Version": "1.0.0",
      "Source": "CRAN",
      "Hash": "5608e5aeeba9ae979e5bfd26ca0835a5"
    },
    "dbplyr": {
      "Package": "dbplyr",
      "Version": "1.2.2",
      "Source": "CRAN",
      "Hash": "371f09dbcabe177bc51dc79610540592"
    },
    "desc": {
      "Package": "desc",
      "Version": "1.2.0",
      "Source": "CRAN",
      "Hash": "fefdea6ff2d34eb3ea0f15f58262e0f1"
    },
    "devtools": {
      "Package": "devtools",
      "Version": "2.0.2",
      "Source": "CRAN",
      "Hash": "d21a20959847ccd72b9ba01bdd71d466"
    },
    "DiagrammeR": {
      "Package": "DiagrammeR",
      "Version": "1.0.1",
      "Source": "CRAN",
      "Hash": "7c75d8df40b04f6ae82828abc41f097c"
    },
    "digest": {
      "Package": "digest",
      "Version": "0.6.18",
      "Source": "CRAN",
      "Hash": "50c07175e40eda4f3f1deb0d26a3f9dc"
    },
    "downloader": {
      "Package": "downloader",
      "Version": "0.4",
      "Source": "CRAN",
      "Hash": "3023de572f4e0c0b772fa4c9308c6cc8"
    },
    "dplyr": {
      "Package": "dplyr",
      "Version": "0.8.0.1",
      "Source": "CRAN",
      "Hash": "30e02c841d82e1aecafbd080297c2b82"
    },
    "ellipsis": {
      "Package": "ellipsis",
      "Version": "0.1.0",
      "Source": "CRAN",
      "Hash": "6d1d4612d4cfcaa05e67a534c3b5e470"
    },
    "evaluate": {
      "Package": "evaluate",
      "Version": "0.13",
      "Source": "CRAN",
      "Hash": "1a4182c08eece9c529eec110119ac6a7"
    },
    "fansi": {
      "Package": "fansi",
      "Version": "0.4.0",
      "Source": "CRAN",
      "Hash": "7e8ca3a2d400cbdaf72a602e9833c920"
    },
    "forcats": {
      "Package": "forcats",
      "Version": "0.4.0",
      "Source": "CRAN",
      "Hash": "c5d5b0c24161479679cfbf94fba339f4"
    },
    "fs": {
      "Package": "fs",
      "Version": "1.2.7",
      "Source": "CRAN",
      "Hash": "a125200202b51e94b70ceafe1d9f2b62"
    },
    "ggplot2": {
      "Package": "ggplot2",
      "Version": "3.1.0",
      "Source": "CRAN",
      "Hash": "10ac6cff0c4d83770dada858810301ab"
    },
    "gh": {
      "Package": "gh",
      "Version": "1.0.1",
      "Source": "CRAN",
      "Hash": "3e498375faca84a20b431a2df1ce23e9"
    },
    "git2r": {
      "Package": "git2r",
      "Version": "0.24.0",
      "Source": "CRAN",
      "Hash": "980e4c90b235e60289c2de839fec495d"
    },
    "glue": {
      "Package": "glue",
      "Version": "1.3.1",
      "Source": "CRAN",
      "Hash": "156f76da413ebe13f4d7e65ae6a5d19f"
    },
    "gridExtra": {
      "Package": "gridExtra",
      "Version": "2.3",
      "Source": "CRAN",
      "Hash": "cd5e8e3a3950e27fad98d62feab5b0ba"
    },
    "gtable": {
      "Package": "gtable",
      "Version": "0.3.0",
      "Source": "CRAN",
      "Hash": "120444406cc884baa3a2ff5c0566045b"
    },
    "haven": {
      "Package": "haven",
      "Version": "1.1.2",
      "Source": "CRAN",
      "Hash": "96d5bb37f43c0182cc9e45e8509d1e4e"
    },
    "highr": {
      "Package": "highr",
      "Version": "0.8",
      "Source": "CRAN",
      "Hash": "2f5651aef7832e8eea60d3f3add2ffaa"
    },
    "hms": {
      "Package": "hms",
      "Version": "0.4.2",
      "Source": "CRAN",
      "Hash": "c1a7ac1b51eb0f5ef51a4ea256eb9cbe"
    },
    "htmltools": {
      "Package": "htmltools",
      "Version": "0.3.6",
      "Source": "CRAN",
      "Hash": "881e91b8b764a550de68ad18a98c05b5"
    },
    "htmlwidgets": {
      "Package": "htmlwidgets",
      "Version": "1.3",
      "Source": "CRAN",
      "Hash": "f9779405095eb05656a9aa75e62606cb"
    },
    "httr": {
      "Package": "httr",
      "Version": "1.4.0",
      "Source": "CRAN",
      "Hash": "f5dc99b1972d4e9eaf6f5c452339db08"
    },
    "igraph": {
      "Package": "igraph",
      "Version": "1.2.4",
      "Source": "CRAN",
      "Hash": "9fa370009d2ebfec1c9cfc1f563ae2eb"
    },
    "influenceR": {
      "Package": "influenceR",
      "Version": "0.1.0",
      "Source": "CRAN",
      "Hash": "ca742baf5d05e8f125facdbbf91eca1b"
    },
    "ini": {
      "Package": "ini",
      "Version": "0.3.1",
      "Source": "CRAN",
      "Hash": "c476efce99f7ae2fde8301147283421a"
    },
    "jsonlite": {
      "Package": "jsonlite",
      "Version": "1.6",
      "Source": "CRAN",
      "Hash": "9ec2b2fe0e874a66d0cb54d8ced5618e"
    },
    "knitr": {
      "Package": "knitr",
      "Version": "1.22",
      "Source": "CRAN",
      "Hash": "b1ef4af5ce7c39dcba8da6ff39bfd7a1"
    },
    "labeling": {
      "Package": "labeling",
      "Version": "0.3",
      "Source": "CRAN",
      "Hash": "379ec196f3f3bb312727d52b022fa8f9"
    },
    "lattice": {
      "Package": "lattice",
      "Version": "0.20-35",
      "Source": "CRAN",
      "Hash": "96238e972e6d8c631c273d91b13a90c3"
    },
    "lazyeval": {
      "Package": "lazyeval",
      "Version": "0.2.2",
      "Source": "CRAN",
      "Hash": "8c343e48c3f58de2c70a641592abc0f1"
    },
    "lubridate": {
      "Package": "lubridate",
      "Version": "1.7.4",
      "Source": "CRAN",
      "Hash": "4af93df0d50bb3919de67f36e7d3d00b"
    },
    "magrittr": {
      "Package": "magrittr",
      "Version": "1.5",
      "Source": "CRAN",
      "Hash": "cb6367fec3fd68ff41424fe9797b8eaf"
    },
    "markdown": {
      "Package": "markdown",
      "Version": "0.9",
      "Source": "CRAN",
      "Hash": "5e5d7e3b37fbdb3b06e3f9484f80db0e"
    },
    "MASS": {
      "Package": "MASS",
      "Version": "7.3-50",
      "Source": "CRAN",
      "Hash": "82076be4817671aac9f3808d4f608959"
    },
    "Matrix": {
      "Package": "Matrix",
      "Version": "1.2-14",
      "Source": "CRAN",
      "Hash": "b411f6d86aaa6ed87bd13ef69b32b7a6"
    },
    "memoise": {
      "Package": "memoise",
      "Version": "1.1.0",
      "Source": "CRAN",
      "Hash": "84b2466117129ec55e85c8b3c5eae758"
    },
    "mgcv": {
      "Package": "mgcv",
      "Version": "1.8-24",
      "Source": "CRAN",
      "Hash": "04a660f17e16de5d2081a9e06212fc14"
    },
    "mime": {
      "Package": "mime",
      "Version": "0.6",
      "Source": "CRAN",
      "Hash": "217bc37b46b42e1e0636460ae3b96a7d"
    },
    "modelr": {
      "Package": "modelr",
      "Version": "0.1.2",
      "Source": "CRAN",
      "Hash": "b6895644113731205d7a8adcc591a56b"
    },
    "munsell": {
      "Package": "munsell",
      "Version": "0.5.0",
      "Source": "CRAN",
      "Hash": "381047af4d6b44ca4d9285dbdea42434"
    },
    "nlme": {
      "Package": "nlme",
      "Version": "3.1-137",
      "Source": "CRAN",
      "Hash": "55f627741007cdb86b124a16183e6a9e"
    },
    "openssl": {
      "Package": "openssl",
      "Version": "1.3",
      "Source": "CRAN",
      "Hash": "ca742ffe11d603c1b7ea425d7d85a0ef"
    },
    "pillar": {
      "Package": "pillar",
      "Version": "1.3.1",
      "Source": "CRAN",
      "Hash": "51db60c7399a1043d4757d11530d91c4"
    },
    "pkgbuild": {
      "Package": "pkgbuild",
      "Version": "1.0.3",
      "Source": "CRAN",
      "Hash": "95c67ee4d0d3a9c8cd3bd3af5e4c96f1"
    },
    "pkgconfig": {
      "Package": "pkgconfig",
      "Version": "2.0.2",
      "Source": "CRAN",
      "Hash": "47f492c929356d52b15018b5827cf857"
    },
    "pkgload": {
      "Package": "pkgload",
      "Version": "1.0.2",
      "Source": "CRAN",
      "Hash": "83fbbb08dc4973debae54ac0e829f9bd"
    },
    "plogr": {
      "Package": "plogr",
      "Version": "0.2.0",
      "Source": "CRAN",
      "Hash": "4f3b95dcac0fc64e36666ac8e6430fc7"
    },
    "plyr": {
      "Package": "plyr",
      "Version": "1.8.4",
      "Source": "CRAN",
      "Hash": "48b2c2a9c4a504ea9167e9252fd9fade"
    },
    "praise": {
      "Package": "praise",
      "Version": "1.0.0",
      "Source": "CRAN",
      "Hash": "20ffbe3f59f58529a6786101392fa476"
    },
    "prettyunits": {
      "Package": "prettyunits",
      "Version": "1.0.2",
      "Source": "CRAN",
      "Hash": "47d4646a3be22893c04093e8db164989"
    },
    "processx": {
      "Package": "processx",
      "Version": "3.3.0",
      "Source": "CRAN",
      "Hash": "9bd5df42ed39766a2ac15eafa7d97ded"
    },
    "progress": {
      "Package": "progress",
      "Version": "1.2.0",
      "Source": "CRAN",
      "Hash": "d72bac138cb24ed3a787f03a33954c46"
    },
    "pryr": {
      "Package": "pryr",
      "Version": "0.1.4",
      "Source": "CRAN",
      "Hash": "072bc11dcdee103acd388de5e17455a3"
    },
    "ps": {
      "Package": "ps",
      "Version": "1.3.0",
      "Source": "CRAN",
      "Hash": "12c6a7e02239401d47599ddc44a484f4"
    },
    "purrr": {
      "Package": "purrr",
      "Version": "0.3.2",
      "Source": "CRAN",
      "Hash": "19767ff705a04566e2f396e15ccc1b39"
    },
    "R6": {
      "Package": "R6",
      "Version": "2.4.0",
      "Source": "CRAN",
      "Hash": "d42941d973f7f28b32f694bc89fb9d5f"
    },
    "rcmdcheck": {
      "Package": "rcmdcheck",
      "Version": "1.3.2",
      "Source": "CRAN",
      "Hash": "720c68cb34081ce67d0ee15214ba5ce9"
    },
    "RColorBrewer": {
      "Package": "RColorBrewer",
      "Version": "1.1-2",
      "Source": "CRAN",
      "Hash": "cdfb92174501c241a0d4e13fcac600a4"
    },
    "Rcpp": {
      "Package": "Rcpp",
      "Version": "1.0.1",
      "Source": "CRAN",
      "Hash": "542a8dbcf371718e4dee591341d28c43"
    },
    "readr": {
      "Package": "readr",
      "Version": "1.3.1",
      "Source": "CRAN",
      "Hash": "19e0ffd8bcaff3476349d8787fc8bd59"
    },
    "readxl": {
      "Package": "readxl",
      "Version": "1.3.1",
      "Source": "CRAN",
      "Hash": "b0467b5406ee2c29709c4a57cab692d1"
    },
    "rematch": {
      "Package": "rematch",
      "Version": "1.0.1",
      "Source": "CRAN",
      "Hash": "d80f39f4db9c537a1def235969d648ea"
    },
    "remotes": {
      "Package": "remotes",
      "Version": "2.0.2",
      "Source": "CRAN",
      "Hash": "6a529187fea76fc9588b4dc981120375"
    },
    "reprex": {
      "Package": "reprex",
      "Version": "0.2.1",
      "Source": "CRAN",
      "Hash": "b4d698a5ce71a5cfb1481c2e9176c0bf"
    },
    "reshape2": {
      "Package": "reshape2",
      "Version": "1.4.3",
      "Source": "CRAN",
      "Hash": "a0b8854199dbfa29a71f514b3ffcddf0"
    },
    "rgexf": {
      "Package": "rgexf",
      "Version": "0.15.3",
      "Source": "CRAN",
      "Hash": "5ee5d4735b86afca6e929e63ec3fac06"
    },
    "rlang": {
      "Package": "rlang",
      "Version": "0.3.3",
      "Source": "CRAN",
      "Hash": "ce26c85191896eaedbe41a17aa5380b3"
    },
    "rmarkdown": {
      "Package": "rmarkdown",
      "Version": "1.12",
      "Source": "CRAN",
      "Hash": "6adbc9e47370f441b5ab2a4a4bd066df"
    },
    "Rook": {
      "Package": "Rook",
      "Version": "1.1-1",
      "Source": "CRAN",
      "Hash": "96ebec69d1538dc7474906a3bcb3c1e0"
    },
    "roxygen2": {
      "Package": "roxygen2",
      "Version": "6.1.1",
      "Source": "CRAN",
      "Hash": "785db78ea5b54b787c60d8f237d92fa2"
    },
    "rprojroot": {
      "Package": "rprojroot",
      "Version": "1.3-2",
      "Source": "CRAN",
      "Hash": "75611db569353a873f987f858b6f06dd"
    },
    "rstudioapi": {
      "Package": "rstudioapi",
      "Version": "0.10",
      "Source": "CRAN",
      "Hash": "6c03ab57831cbdae14d599151e832e18"
    },
    "rvest": {
      "Package": "rvest",
      "Version": "0.3.2",
      "Source": "CRAN",
      "Hash": "547a7e1c3fcc354dda6439c2852baf09"
    },
    "scales": {
      "Package": "scales",
      "Version": "1.0.0",
      "Source": "CRAN",
      "Hash": "17cfbe1a4fcc8d0440a2af68d9e07bf4"
    },
    "selectr": {
      "Package": "selectr",
      "Version": "0.4-1",
      "Source": "CRAN",
      "Hash": "cc537e333408bb2f0088bc7b20f0e821"
    },
    "sessioninfo": {
      "Package": "sessioninfo",
      "Version": "1.1.1",
      "Source": "CRAN",
      "Hash": "1261ec40b973735e3ae12329259479a8"
    },
    "stringi": {
      "Package": "stringi",
      "Version": "1.4.3",
      "Source": "CRAN",
      "Hash": "0472e71f2347e13cd398d5225ff3b0ea"
    },
    "stringr": {
      "Package": "stringr",
      "Version": "1.4.0",
      "Source": "CRAN",
      "Hash": "01fb6c8262ac804d9bafa60cea8773da"
    },
    "sys": {
      "Package": "sys",
      "Version": "3.1",
      "Source": "CRAN",
      "Hash": "5c54a4287c708e67af0e91db9aea8b51"
    },
    "testthat": {
      "Package": "testthat",
      "Version": "2.0.1",
      "Source": "CRAN",
      "Hash": "8dd326641e881703dc8225f7dfef9cdf"
    },
    "tibble": {
      "Package": "tibble",
      "Version": "2.1.1",
      "Source": "CRAN",
      "Hash": "12ce38efdfe72eb34c31873431337e35"
    },
    "tidyr": {
      "Package": "tidyr",
      "Version": "0.8.3",
      "Source": "CRAN",
      "Hash": "d50a808d7d4c6ef63190fdcf452977ae"
    },
    "tidyselect": {
      "Package": "tidyselect",
      "Version": "0.2.5",
      "Source": "CRAN",
      "Hash": "66c1a6de7f98266b76503698f2ca111d"
    },
    "tidyverse": {
      "Package": "tidyverse",
      "Version": "1.2.1",
      "Source": "CRAN",
      "Hash": "ea055dfa5ed1e736f1ebacb553cbddbd"
    },
    "tinytex": {
      "Package": "tinytex",
      "Version": "0.11",
      "Source": "CRAN",
      "Hash": "d7ca18ea2e5d664fa6105881285c6b6e"
    },
    "usethis": {
      "Package": "usethis",
      "Version": "1.5.0",
      "Source": "CRAN",
      "Hash": "bfec421104ac39bd55a37f0aa1577e01"
    },
    "utf8": {
      "Package": "utf8",
      "Version": "1.1.4",
      "Source": "CRAN",
      "Hash": "557d1cc1d7b4ff362db5990acc00f2a0"
    },
    "viridis": {
      "Package": "viridis",
      "Version": "0.5.1",
      "Source": "CRAN",
      "Hash": "8b3bc31925862b55e20954eb3ba0f0c6"
    },
    "viridisLite": {
      "Package": "viridisLite",
      "Version": "0.3.0",
      "Source": "CRAN",
      "Hash": "e62dbc33079a4e2ff7429032f0e46efd"
    },
    "visNetwork": {
      "Package": "visNetwork",
      "Version": "2.0.6",
      "Source": "CRAN",
      "Hash": "57916a4a932375c8eb86795858fa8e84"
    },
    "whisker": {
      "Package": "whisker",
      "Version": "0.3-2",
      "Source": "CRAN",
      "Hash": "1e74aefd2c67890f504a1fa2d0834d70"
    },
    "withr": {
      "Package": "withr",
      "Version": "2.1.2",
      "Source": "CRAN",
      "Hash": "ce9ffa6d865ecaf6a56cacc811565e07"
    },
    "xfun": {
      "Package": "xfun",
      "Version": "0.8",
      "Source": "CRAN",
      "Hash": "a99b2ef415122bd3b7a3719e42daa1e6"
    },
    "XML": {
      "Package": "XML",
      "Version": "3.98-1.20",
      "Source": "CRAN",
      "Hash": "d184b33d55cd9984103f1f6a91050cfd"
    },
    "xml2": {
      "Package": "xml2",
      "Version": "1.2.0",
      "Source": "CRAN",
      "Hash": "fe28830040ea8a0cd9d41749b8f9f715"
    },
    "xopen": {
      "Package": "xopen",
      "Version": "1.0.0",
      "Source": "CRAN",
      "Hash": "a8fb8ee1d1a41595f44e5cce92cafa2d"
    },
    "yaml": {
      "Package": "yaml",
      "Version": "2.2.0",
      "Source": "CRAN",
      "Hash": "e75dfa28ca59a73adfabf6899ce04472"
    }
  }
}
